
Microsoft Visual Studio Solution File, Format Version 12.00
# Visual Studio 15
VisualStudioVersion = 15.0.28307.1145
MinimumVisualStudioVersion = 10.0.40219.1
Project("{8BC9CEB8-8B4A-11D0-8D11-00A0C91BC942}") = "TrigFunc_Kursovaya_4kurs", "TrigFunc_Kursovaya_4kurs\TrigFunc_Kursovaya_4kurs.vcxproj", "{6E0CA3B7-981C-4A50-ADF5-D30ABA84934E}"
EndProject
Global
	GlobalSection(SolutionConfigurationPlatforms) = preSolution
		Debug|x64 = Debug|x64
		Debug|x86 = Debug|x86
		Release|x64 = Release|x64
		Release|x86 = Release|x86
	EndGlobalSection
	GlobalSection(ProjectConfigurationPlatforms) = postSolution
		{6E0CA3B7-981C-4A50-ADF5-D30ABA84934E}.Debug|x64.ActiveCfg = Debug|x64
		{6E0CA3B7-981C-4A50-ADF5-D30ABA84934E}.Debug|x64.Build.0 = Debug|x64
		{6E0CA3B7-981C-4A50-ADF5-D30ABA84934E}.Debug|x86.ActiveCfg = Debug|Win32
		{6E0CA3B7-981C-4A50-ADF5-D30ABA84934E}.Debug|x86.Build.0 = Debug|Win32
		{6E0CA3B7-981C-4A50-ADF5-D30ABA84934E}.Release|x64.ActiveCfg = Release|x64
		{6E0CA3B7-981C-4A50-ADF5-D30ABA84934E}.Release|x64.Build.0 = Release|x64
		{6E0CA3B7-981C-4A50-ADF5-D30ABA84934E}.Release|x86.ActiveCfg = Release|Win32
		{6E0CA3B7-981C-4A50-ADF5-D30ABA84934E}.Release|x86.Build.0 = Release|Win32
	EndGlobalSection
	GlobalSection(SolutionProperties) = preSolution
		HideSolutionNode = FALSE
	EndGlobalSection
	GlobalSection(ExtensibilityGlobals) = postSolution
		SolutionGuid = {BF7EEEA8-8C43-42F3-83D2-4DE8EAF30E3B}
	EndGlobalSection
EndGlobal
